
Microsoft Visual Studio Solution File, Format Version 12.00
# Visual Studio Version 17
VisualStudioVersion = 17.10.35013.160
MinimumVisualStudioVersion = 10.0.40219.1
Project("{2150E333-8FDC-42A3-9474-1A3956D46DE8}") = "Protected", "Protected", "{86A815C9-0276-4BA4-9394-3F66A35D1735}"
EndProject
Project("{2150E333-8FDC-42A3-9474-1A3956D46DE8}") = "Private", "Private", "{AA03FEFF-7BD9-4E95-AD45-5B7835F1F465}"
EndProject
Project("{9A19103F-16F7-4668-BE54-9A1E7A4F7556}") = "LylinkBackend_DatabaseAccessLayer_UnitTests", "private\LylinkDb_UnitTests\LylinkBackend_DatabaseAccessLayer_UnitTests.csproj", "{81EDD877-F7D7-4693-B1EC-F04FFE1DC58B}"
EndProject
Project("{9A19103F-16F7-4668-BE54-9A1E7A4F7556}") = "LylinkBackend_DatabaseAccessLayer", "private\LylinkBackend_DatabaseAccessLayer\LylinkBackend_DatabaseAccessLayer.csproj", "{151BECB8-A478-4154-A631-A7C9498C178A}"
EndProject
Project("{9A19103F-16F7-4668-BE54-9A1E7A4F7556}") = "LylinkDatabase_MigrationScripts", "private\LylinkDatabase_MigrationScripts\LylinkDatabase_MigrationScripts.csproj", "{9BBE904F-96C0-4809-82FA-2948C838B8A6}"
EndProject
Project("{2150E333-8FDC-42A3-9474-1A3956D46DE8}") = "APIs", "APIs", "{5AD64AF8-9D0E-4F27-8A39-CB39398906DA}"
EndProject
Project("{9A19103F-16F7-4668-BE54-9A1E7A4F7556}") = "LylinkBackend_API", "protected\APIs\LylinkBackend_API\LylinkBackend_API.csproj", "{5FAAC869-B407-41CE-B25F-6A661763FAD6}"
EndProject
Project("{9A19103F-16F7-4668-BE54-9A1E7A4F7556}") = "LylinkBackend_ManagementAPI", "protected\APIs\LylinkBackend_ManagementAPI\LylinkBackend_ManagementAPI.csproj", "{A0DE3212-4066-40DD-A59B-847E729647B5}"
EndProject
Project("{9A19103F-16F7-4668-BE54-9A1E7A4F7556}") = "LylinkBackend_AssetsAPI", "protected\APIs\LylinkBackend_StaticFilesAPI\LylinkBackend_AssetsAPI.csproj", "{619E4623-A6AF-4E10-8441-77BC949A7C8C}"
EndProject
Project("{2150E333-8FDC-42A3-9474-1A3956D46DE8}") = "Shared", "Shared", "{7B5ED034-F6FE-4603-BA54-8B0B14E94E77}"
EndProject
Project("{9A19103F-16F7-4668-BE54-9A1E7A4F7556}") = "LylinkBackend_API_Shared", "protected\APIs\Shared\LylinkBackend_API_SharedMiddleware\LylinkBackend_API_Shared.csproj", "{ADD3E002-5B9C-45E7-AB71-991EBE1CFACE}"
EndProject
Project("{2150E333-8FDC-42A3-9474-1A3956D46DE8}") = "Hosted Services", "Hosted Services", "{B0C061C4-AFDB-4063-BF5B-D423FEB3C0CE}"
EndProject
Project("{FAE04EC0-301F-11D3-BF4B-00C04F79EFBC}") = "LylinkBackend_EmailService", "protected\Hosted Services\LylinkBackend_EmailService\LylinkBackend_EmailService.csproj", "{DB2DEA23-B9B1-42DD-BCEA-BB07979AAAAA}"
EndProject
Global
	GlobalSection(SolutionConfigurationPlatforms) = preSolution
		Debug|Any CPU = Debug|Any CPU
		Release|Any CPU = Release|Any CPU
	EndGlobalSection
	GlobalSection(ProjectConfigurationPlatforms) = postSolution
		{81EDD877-F7D7-4693-B1EC-F04FFE1DC58B}.Debug|Any CPU.ActiveCfg = Debug|Any CPU
		{81EDD877-F7D7-4693-B1EC-F04FFE1DC58B}.Debug|Any CPU.Build.0 = Debug|Any CPU
		{81EDD877-F7D7-4693-B1EC-F04FFE1DC58B}.Release|Any CPU.ActiveCfg = Release|Any CPU
		{81EDD877-F7D7-4693-B1EC-F04FFE1DC58B}.Release|Any CPU.Build.0 = Release|Any CPU
		{151BECB8-A478-4154-A631-A7C9498C178A}.Debug|Any CPU.ActiveCfg = Debug|Any CPU
		{151BECB8-A478-4154-A631-A7C9498C178A}.Debug|Any CPU.Build.0 = Debug|Any CPU
		{151BECB8-A478-4154-A631-A7C9498C178A}.Release|Any CPU.ActiveCfg = Release|Any CPU
		{151BECB8-A478-4154-A631-A7C9498C178A}.Release|Any CPU.Build.0 = Release|Any CPU
		{9BBE904F-96C0-4809-82FA-2948C838B8A6}.Debug|Any CPU.ActiveCfg = Debug|Any CPU
		{9BBE904F-96C0-4809-82FA-2948C838B8A6}.Debug|Any CPU.Build.0 = Debug|Any CPU
		{9BBE904F-96C0-4809-82FA-2948C838B8A6}.Release|Any CPU.ActiveCfg = Release|Any CPU
		{9BBE904F-96C0-4809-82FA-2948C838B8A6}.Release|Any CPU.Build.0 = Release|Any CPU
		{5FAAC869-B407-41CE-B25F-6A661763FAD6}.Debug|Any CPU.ActiveCfg = Debug|Any CPU
		{5FAAC869-B407-41CE-B25F-6A661763FAD6}.Debug|Any CPU.Build.0 = Debug|Any CPU
		{5FAAC869-B407-41CE-B25F-6A661763FAD6}.Release|Any CPU.ActiveCfg = Release|Any CPU
		{5FAAC869-B407-41CE-B25F-6A661763FAD6}.Release|Any CPU.Build.0 = Release|Any CPU
		{A0DE3212-4066-40DD-A59B-847E729647B5}.Debug|Any CPU.ActiveCfg = Debug|Any CPU
		{A0DE3212-4066-40DD-A59B-847E729647B5}.Debug|Any CPU.Build.0 = Debug|Any CPU
		{A0DE3212-4066-40DD-A59B-847E729647B5}.Release|Any CPU.ActiveCfg = Release|Any CPU
		{A0DE3212-4066-40DD-A59B-847E729647B5}.Release|Any CPU.Build.0 = Release|Any CPU
		{619E4623-A6AF-4E10-8441-77BC949A7C8C}.Debug|Any CPU.ActiveCfg = Debug|Any CPU
		{619E4623-A6AF-4E10-8441-77BC949A7C8C}.Debug|Any CPU.Build.0 = Debug|Any CPU
		{619E4623-A6AF-4E10-8441-77BC949A7C8C}.Release|Any CPU.ActiveCfg = Release|Any CPU
		{619E4623-A6AF-4E10-8441-77BC949A7C8C}.Release|Any CPU.Build.0 = Release|Any CPU
		{ADD3E002-5B9C-45E7-AB71-991EBE1CFACE}.Debug|Any CPU.ActiveCfg = Debug|Any CPU
		{ADD3E002-5B9C-45E7-AB71-991EBE1CFACE}.Debug|Any CPU.Build.0 = Debug|Any CPU
		{ADD3E002-5B9C-45E7-AB71-991EBE1CFACE}.Release|Any CPU.ActiveCfg = Release|Any CPU
		{ADD3E002-5B9C-45E7-AB71-991EBE1CFACE}.Release|Any CPU.Build.0 = Release|Any CPU
		{DB2DEA23-B9B1-42DD-BCEA-BB07979AAAAA}.Debug|Any CPU.ActiveCfg = Debug|Any CPU
		{DB2DEA23-B9B1-42DD-BCEA-BB07979AAAAA}.Debug|Any CPU.Build.0 = Debug|Any CPU
		{DB2DEA23-B9B1-42DD-BCEA-BB07979AAAAA}.Release|Any CPU.ActiveCfg = Release|Any CPU
		{DB2DEA23-B9B1-42DD-BCEA-BB07979AAAAA}.Release|Any CPU.Build.0 = Release|Any CPU
	EndGlobalSection
	GlobalSection(SolutionProperties) = preSolution
		HideSolutionNode = FALSE
	EndGlobalSection
	GlobalSection(NestedProjects) = preSolution
		{81EDD877-F7D7-4693-B1EC-F04FFE1DC58B} = {AA03FEFF-7BD9-4E95-AD45-5B7835F1F465}
		{151BECB8-A478-4154-A631-A7C9498C178A} = {AA03FEFF-7BD9-4E95-AD45-5B7835F1F465}
		{9BBE904F-96C0-4809-82FA-2948C838B8A6} = {AA03FEFF-7BD9-4E95-AD45-5B7835F1F465}
		{5AD64AF8-9D0E-4F27-8A39-CB39398906DA} = {86A815C9-0276-4BA4-9394-3F66A35D1735}
		{5FAAC869-B407-41CE-B25F-6A661763FAD6} = {5AD64AF8-9D0E-4F27-8A39-CB39398906DA}
		{A0DE3212-4066-40DD-A59B-847E729647B5} = {5AD64AF8-9D0E-4F27-8A39-CB39398906DA}
		{619E4623-A6AF-4E10-8441-77BC949A7C8C} = {5AD64AF8-9D0E-4F27-8A39-CB39398906DA}
		{7B5ED034-F6FE-4603-BA54-8B0B14E94E77} = {5AD64AF8-9D0E-4F27-8A39-CB39398906DA}
		{ADD3E002-5B9C-45E7-AB71-991EBE1CFACE} = {7B5ED034-F6FE-4603-BA54-8B0B14E94E77}
		{B0C061C4-AFDB-4063-BF5B-D423FEB3C0CE} = {86A815C9-0276-4BA4-9394-3F66A35D1735}
		{DB2DEA23-B9B1-42DD-BCEA-BB07979AAAAA} = {B0C061C4-AFDB-4063-BF5B-D423FEB3C0CE}
	EndGlobalSection
	GlobalSection(ExtensibilityGlobals) = postSolution
		SolutionGuid = {5FC83A25-ED6F-4F75-BF38-62694D52CD98}
	EndGlobalSection
EndGlobal
