
Microsoft Visual Studio Solution File, Format Version 12.00
# Visual Studio Version 18
VisualStudioVersion = 18.0.11217.181
MinimumVisualStudioVersion = 10.0.40219.1
Project("{2150E333-8FDC-42A3-9474-1A3956D46DE8}") = "Protected", "Protected", "{86A815C9-0276-4BA4-9394-3F66A35D1735}"
EndProject
Project("{2150E333-8FDC-42A3-9474-1A3956D46DE8}") = "Private", "Private", "{AA03FEFF-7BD9-4E95-AD45-5B7835F1F465}"
EndProject
Project("{9A19103F-16F7-4668-BE54-9A1E7A4F7556}") = "LylinkBackend_DatabaseAccessLayer_UnitTests", "private\LylinkDb_UnitTests\LylinkBackend_DatabaseAccessLayer_UnitTests.csproj", "{81EDD877-F7D7-4693-B1EC-F04FFE1DC58B}"
EndProject
Project("{9A19103F-16F7-4668-BE54-9A1E7A4F7556}") = "LylinkBackend_DatabaseAccessLayer", "private\LylinkBackend_DatabaseAccessLayer\LylinkBackend_DatabaseAccessLayer.csproj", "{151BECB8-A478-4154-A631-A7C9498C178A}"
EndProject
Project("{2150E333-8FDC-42A3-9474-1A3956D46DE8}") = "APIs", "APIs", "{5AD64AF8-9D0E-4F27-8A39-CB39398906DA}"
EndProject
Project("{2150E333-8FDC-42A3-9474-1A3956D46DE8}") = "Shared", "Shared", "{7B5ED034-F6FE-4603-BA54-8B0B14E94E77}"
EndProject
Project("{9A19103F-16F7-4668-BE54-9A1E7A4F7556}") = "LylinkBackend_API_Shared", "protected\APIs\Shared\LylinkBackend_API_SharedMiddleware\LylinkBackend_API_Shared.csproj", "{ADD3E002-5B9C-45E7-AB71-991EBE1CFACE}"
EndProject
Project("{2150E333-8FDC-42A3-9474-1A3956D46DE8}") = "Hosted Services", "Hosted Services", "{B0C061C4-AFDB-4063-BF5B-D423FEB3C0CE}"
EndProject
Project("{9A19103F-16F7-4668-BE54-9A1E7A4F7556}") = "LylinkBackend_EmailService", "protected\Hosted Services\LylinkBackend_EmailService\LylinkBackend_EmailService.csproj", "{DB2DEA23-B9B1-42DD-BCEA-BB07979AAAAA}"
EndProject
Project("{9A19103F-16F7-4668-BE54-9A1E7A4F7556}") = "LylinkBackend_AssetsAPI", "protected\APIs\LylinkBackend_AssetsAPI\LylinkBackend_AssetsAPI.csproj", "{5BDCEF39-1C75-42AE-A2DA-73C499CE431A}"
EndProject
Project("{2150E333-8FDC-42A3-9474-1A3956D46DE8}") = "Public", "Public", "{14240292-C096-4F56-9D1D-C35DA42C68DA}"
EndProject
Project("{9A19103F-16F7-4668-BE54-9A1E7A4F7556}") = "LylinkShared.Models", "private\LylinkShared.Models\LylinkShared.Models.csproj", "{4963D35F-2067-452D-93A1-061A0A3A6317}"
EndProject
Project("{9A19103F-16F7-4668-BE54-9A1E7A4F7556}") = "LylinkBackend.ManagementApiClient", "protected\Clients\LylinkBackend.ManagementApiClient\LylinkBackend.ManagementApiClient.csproj", "{FD380150-2FC2-48E5-9673-42D0C122DFA8}"
EndProject
Project("{9A19103F-16F7-4668-BE54-9A1E7A4F7556}") = "LylinkBackend.SharedClientCode", "protected\Clients\LylinkBackend.SharedClientCode\LylinkBackend.SharedClientCode.csproj", "{9E0F14A6-2141-431C-ADBD-6EBD59AC033D}"
EndProject
Project("{FAE04EC0-301F-11D3-BF4B-00C04F79EFBC}") = "LylinkBackend.ManagementApi", "protected\APIs\LylinkBackend.ManagementApi\LylinkBackend.ManagementApi.csproj", "{5651C1C8-4E45-43CD-A718-59FCB5A29FC8}"
EndProject
Project("{2150E333-8FDC-42A3-9474-1A3956D46DE8}") = "Management", "Management", "{D606E150-9282-4E8F-9CAC-9BDEF08F0A4B}"
EndProject
Project("{FAE04EC0-301F-11D3-BF4B-00C04F79EFBC}") = "LylinkBackend.ManagementShared", "protected\Management\LylinkBackend.ManagementShared\LylinkBackend.ManagementShared.csproj", "{03A2BFAC-6DF6-4217-8327-6BC22C4EADA4}"
EndProject
Project("{2150E333-8FDC-42A3-9474-1A3956D46DE8}") = "Shared", "Shared", "{43F8784B-CCE4-41F4-B7F1-5F49A791D920}"
EndProject
Project("{FAE04EC0-301F-11D3-BF4B-00C04F79EFBC}") = "LylinkBackend.SharedApiCode", "protected\Shared\LylinkBackend.SharedApiCode\LylinkBackend.SharedApiCode.csproj", "{D0B180A4-50A3-4CDF-82A3-EE685A66AADB}"
EndProject
Project("{FAE04EC0-301F-11D3-BF4B-00C04F79EFBC}") = "LylinkFrontend.BlogSite", "public\LylinkFrontend.BlogSite\LylinkFrontend.BlogSite\LylinkFrontend.BlogSite\LylinkFrontend.BlogSite.csproj", "{698F49EA-8F50-4FB4-A145-77094F6E6A90}"
EndProject
Project("{FAE04EC0-301F-11D3-BF4B-00C04F79EFBC}") = "LylinkFrontend.BlogSite.Client", "public\LylinkFrontend.BlogSite\LylinkFrontend.BlogSite\LylinkFrontend.BlogSite.Client\LylinkFrontend.BlogSite.Client.csproj", "{797B4AAA-6F74-42AF-BB09-744E5438AC02}"
EndProject
Project("{FAE04EC0-301F-11D3-BF4B-00C04F79EFBC}") = "LylinkFrontend.Shared", "public\LylinkFrontend.Shared\LylinkFrontend.Shared.csproj", "{5A004BB7-5214-406A-93F4-5C735471E0B8}"
EndProject
Project("{FAE04EC0-301F-11D3-BF4B-00C04F79EFBC}") = "LylinkBackend.BlogApi", "protected\APIs\LylinkBackend.BlogApi\LylinkBackend.BlogApi.csproj", "{C3172CD9-CFD0-4D5F-99A8-96FB350DACE6}"
EndProject
Project("{2150E333-8FDC-42A3-9474-1A3956D46DE8}") = "Blog", "Blog", "{2EAB4B60-CDD9-42E1-9BE2-A8C31F04258A}"
EndProject
Project("{FAE04EC0-301F-11D3-BF4B-00C04F79EFBC}") = "LylinkBackend.BlogApiClient", "LylinkBackend.BlogApiClient\LylinkBackend.BlogApiClient.csproj", "{B7B348D5-8BC3-4BBA-A5D6-128432AA1EEB}"
EndProject
Project("{FAE04EC0-301F-11D3-BF4B-00C04F79EFBC}") = "LylinkBackend.BlogShared", "protected\Blog\LylinkBackend.BlogShared\LylinkBackend.BlogShared.csproj", "{A51AA789-DC36-4E78-894D-EEA055965E74}"
EndProject
Project("{2150E333-8FDC-42A3-9474-1A3956D46DE8}") = "Analytics", "Analytics", "{61EE9CD9-4EF6-46EB-BA3B-4648B9CA0621}"
EndProject
Project("{FAE04EC0-301F-11D3-BF4B-00C04F79EFBC}") = "LylinkBackend.AnalyticsApi", "protected\Analytics\LylinkBackend.AnalyticsApi\LylinkBackend.AnalyticsApi.csproj", "{E7BD102E-43A7-4B52-B3D4-2E7C3144CB20}"
EndProject
Project("{FAE04EC0-301F-11D3-BF4B-00C04F79EFBC}") = "LylinkBackend.AnalyticsShared", "protected\Analytics\LylinkBackend.AnalyticsShared\LylinkBackend.AnalyticsShared.csproj", "{779B2E58-4D25-4D71-8691-568DDA5D1956}"
EndProject
Project("{FAE04EC0-301F-11D3-BF4B-00C04F79EFBC}") = "LylinkBackend.Analytics.Client", "protected\Analytics\LylinkBackend.Analytics.Client\LylinkBackend.Analytics.Client.csproj", "{28F7954B-EE06-4A58-AF49-996F77598245}"
EndProject
Project("{FAE04EC0-301F-11D3-BF4B-00C04F79EFBC}") = "LylinkDatabase.MigrationScripts", "private\LylinkDatabase.MigrationScripts\LylinkDatabase.MigrationScripts.csproj", "{BB4A770E-C968-4AB7-9C7B-655FBC363A09}"
EndProject
Project("{FAE04EC0-301F-11D3-BF4B-00C04F79EFBC}") = "LylinkBackend.Repositories", "private\LylinkBackend.Repositories\LylinkBackend.Repositories.csproj", "{D6AD26F8-2053-4BBE-99E6-61F77E229960}"
EndProject
Project("{FAE04EC0-301F-11D3-BF4B-00C04F79EFBC}") = "LylinkFrontend.ManagementSiteRazor", "public\LylinkFrontend.ManagementSiteRazor\LylinkFrontend.ManagementSite\LylinkFrontend.ManagementSiteRazor.csproj", "{F97ECDDB-6B45-1FD6-F816-B9CC6040D2DB}"
EndProject
Global
	GlobalSection(SolutionConfigurationPlatforms) = preSolution
		Debug|Any CPU = Debug|Any CPU
		Release|Any CPU = Release|Any CPU
	EndGlobalSection
	GlobalSection(ProjectConfigurationPlatforms) = postSolution
		{81EDD877-F7D7-4693-B1EC-F04FFE1DC58B}.Debug|Any CPU.ActiveCfg = Debug|Any CPU
		{81EDD877-F7D7-4693-B1EC-F04FFE1DC58B}.Debug|Any CPU.Build.0 = Debug|Any CPU
		{81EDD877-F7D7-4693-B1EC-F04FFE1DC58B}.Release|Any CPU.ActiveCfg = Release|Any CPU
		{81EDD877-F7D7-4693-B1EC-F04FFE1DC58B}.Release|Any CPU.Build.0 = Release|Any CPU
		{151BECB8-A478-4154-A631-A7C9498C178A}.Debug|Any CPU.ActiveCfg = Debug|Any CPU
		{151BECB8-A478-4154-A631-A7C9498C178A}.Debug|Any CPU.Build.0 = Debug|Any CPU
		{151BECB8-A478-4154-A631-A7C9498C178A}.Release|Any CPU.ActiveCfg = Release|Any CPU
		{151BECB8-A478-4154-A631-A7C9498C178A}.Release|Any CPU.Build.0 = Release|Any CPU
		{ADD3E002-5B9C-45E7-AB71-991EBE1CFACE}.Debug|Any CPU.ActiveCfg = Debug|Any CPU
		{ADD3E002-5B9C-45E7-AB71-991EBE1CFACE}.Debug|Any CPU.Build.0 = Debug|Any CPU
		{ADD3E002-5B9C-45E7-AB71-991EBE1CFACE}.Release|Any CPU.ActiveCfg = Release|Any CPU
		{ADD3E002-5B9C-45E7-AB71-991EBE1CFACE}.Release|Any CPU.Build.0 = Release|Any CPU
		{DB2DEA23-B9B1-42DD-BCEA-BB07979AAAAA}.Debug|Any CPU.ActiveCfg = Debug|Any CPU
		{DB2DEA23-B9B1-42DD-BCEA-BB07979AAAAA}.Debug|Any CPU.Build.0 = Debug|Any CPU
		{DB2DEA23-B9B1-42DD-BCEA-BB07979AAAAA}.Release|Any CPU.ActiveCfg = Release|Any CPU
		{DB2DEA23-B9B1-42DD-BCEA-BB07979AAAAA}.Release|Any CPU.Build.0 = Release|Any CPU
		{5BDCEF39-1C75-42AE-A2DA-73C499CE431A}.Debug|Any CPU.ActiveCfg = Debug|Any CPU
		{5BDCEF39-1C75-42AE-A2DA-73C499CE431A}.Debug|Any CPU.Build.0 = Debug|Any CPU
		{5BDCEF39-1C75-42AE-A2DA-73C499CE431A}.Release|Any CPU.ActiveCfg = Release|Any CPU
		{5BDCEF39-1C75-42AE-A2DA-73C499CE431A}.Release|Any CPU.Build.0 = Release|Any CPU
		{4963D35F-2067-452D-93A1-061A0A3A6317}.Debug|Any CPU.ActiveCfg = Debug|Any CPU
		{4963D35F-2067-452D-93A1-061A0A3A6317}.Debug|Any CPU.Build.0 = Debug|Any CPU
		{4963D35F-2067-452D-93A1-061A0A3A6317}.Release|Any CPU.ActiveCfg = Release|Any CPU
		{4963D35F-2067-452D-93A1-061A0A3A6317}.Release|Any CPU.Build.0 = Release|Any CPU
		{FD380150-2FC2-48E5-9673-42D0C122DFA8}.Debug|Any CPU.ActiveCfg = Debug|Any CPU
		{FD380150-2FC2-48E5-9673-42D0C122DFA8}.Debug|Any CPU.Build.0 = Debug|Any CPU
		{FD380150-2FC2-48E5-9673-42D0C122DFA8}.Release|Any CPU.ActiveCfg = Release|Any CPU
		{FD380150-2FC2-48E5-9673-42D0C122DFA8}.Release|Any CPU.Build.0 = Release|Any CPU
		{9E0F14A6-2141-431C-ADBD-6EBD59AC033D}.Debug|Any CPU.ActiveCfg = Debug|Any CPU
		{9E0F14A6-2141-431C-ADBD-6EBD59AC033D}.Debug|Any CPU.Build.0 = Debug|Any CPU
		{9E0F14A6-2141-431C-ADBD-6EBD59AC033D}.Release|Any CPU.ActiveCfg = Release|Any CPU
		{9E0F14A6-2141-431C-ADBD-6EBD59AC033D}.Release|Any CPU.Build.0 = Release|Any CPU
		{5651C1C8-4E45-43CD-A718-59FCB5A29FC8}.Debug|Any CPU.ActiveCfg = Debug|Any CPU
		{5651C1C8-4E45-43CD-A718-59FCB5A29FC8}.Debug|Any CPU.Build.0 = Debug|Any CPU
		{5651C1C8-4E45-43CD-A718-59FCB5A29FC8}.Release|Any CPU.ActiveCfg = Release|Any CPU
		{5651C1C8-4E45-43CD-A718-59FCB5A29FC8}.Release|Any CPU.Build.0 = Release|Any CPU
		{03A2BFAC-6DF6-4217-8327-6BC22C4EADA4}.Debug|Any CPU.ActiveCfg = Debug|Any CPU
		{03A2BFAC-6DF6-4217-8327-6BC22C4EADA4}.Debug|Any CPU.Build.0 = Debug|Any CPU
		{03A2BFAC-6DF6-4217-8327-6BC22C4EADA4}.Release|Any CPU.ActiveCfg = Release|Any CPU
		{03A2BFAC-6DF6-4217-8327-6BC22C4EADA4}.Release|Any CPU.Build.0 = Release|Any CPU
		{D0B180A4-50A3-4CDF-82A3-EE685A66AADB}.Debug|Any CPU.ActiveCfg = Debug|Any CPU
		{D0B180A4-50A3-4CDF-82A3-EE685A66AADB}.Debug|Any CPU.Build.0 = Debug|Any CPU
		{D0B180A4-50A3-4CDF-82A3-EE685A66AADB}.Release|Any CPU.ActiveCfg = Release|Any CPU
		{D0B180A4-50A3-4CDF-82A3-EE685A66AADB}.Release|Any CPU.Build.0 = Release|Any CPU
		{698F49EA-8F50-4FB4-A145-77094F6E6A90}.Debug|Any CPU.ActiveCfg = Debug|Any CPU
		{698F49EA-8F50-4FB4-A145-77094F6E6A90}.Debug|Any CPU.Build.0 = Debug|Any CPU
		{698F49EA-8F50-4FB4-A145-77094F6E6A90}.Release|Any CPU.ActiveCfg = Release|Any CPU
		{698F49EA-8F50-4FB4-A145-77094F6E6A90}.Release|Any CPU.Build.0 = Release|Any CPU
		{797B4AAA-6F74-42AF-BB09-744E5438AC02}.Debug|Any CPU.ActiveCfg = Debug|Any CPU
		{797B4AAA-6F74-42AF-BB09-744E5438AC02}.Debug|Any CPU.Build.0 = Debug|Any CPU
		{797B4AAA-6F74-42AF-BB09-744E5438AC02}.Release|Any CPU.ActiveCfg = Release|Any CPU
		{797B4AAA-6F74-42AF-BB09-744E5438AC02}.Release|Any CPU.Build.0 = Release|Any CPU
		{5A004BB7-5214-406A-93F4-5C735471E0B8}.Debug|Any CPU.ActiveCfg = Debug|Any CPU
		{5A004BB7-5214-406A-93F4-5C735471E0B8}.Debug|Any CPU.Build.0 = Debug|Any CPU
		{5A004BB7-5214-406A-93F4-5C735471E0B8}.Release|Any CPU.ActiveCfg = Release|Any CPU
		{5A004BB7-5214-406A-93F4-5C735471E0B8}.Release|Any CPU.Build.0 = Release|Any CPU
		{C3172CD9-CFD0-4D5F-99A8-96FB350DACE6}.Debug|Any CPU.ActiveCfg = Debug|Any CPU
		{C3172CD9-CFD0-4D5F-99A8-96FB350DACE6}.Debug|Any CPU.Build.0 = Debug|Any CPU
		{C3172CD9-CFD0-4D5F-99A8-96FB350DACE6}.Release|Any CPU.ActiveCfg = Release|Any CPU
		{C3172CD9-CFD0-4D5F-99A8-96FB350DACE6}.Release|Any CPU.Build.0 = Release|Any CPU
		{B7B348D5-8BC3-4BBA-A5D6-128432AA1EEB}.Debug|Any CPU.ActiveCfg = Debug|Any CPU
		{B7B348D5-8BC3-4BBA-A5D6-128432AA1EEB}.Debug|Any CPU.Build.0 = Debug|Any CPU
		{B7B348D5-8BC3-4BBA-A5D6-128432AA1EEB}.Release|Any CPU.ActiveCfg = Release|Any CPU
		{B7B348D5-8BC3-4BBA-A5D6-128432AA1EEB}.Release|Any CPU.Build.0 = Release|Any CPU
		{A51AA789-DC36-4E78-894D-EEA055965E74}.Debug|Any CPU.ActiveCfg = Debug|Any CPU
		{A51AA789-DC36-4E78-894D-EEA055965E74}.Debug|Any CPU.Build.0 = Debug|Any CPU
		{A51AA789-DC36-4E78-894D-EEA055965E74}.Release|Any CPU.ActiveCfg = Release|Any CPU
		{A51AA789-DC36-4E78-894D-EEA055965E74}.Release|Any CPU.Build.0 = Release|Any CPU
		{E7BD102E-43A7-4B52-B3D4-2E7C3144CB20}.Debug|Any CPU.ActiveCfg = Debug|Any CPU
		{E7BD102E-43A7-4B52-B3D4-2E7C3144CB20}.Debug|Any CPU.Build.0 = Debug|Any CPU
		{E7BD102E-43A7-4B52-B3D4-2E7C3144CB20}.Release|Any CPU.ActiveCfg = Release|Any CPU
		{E7BD102E-43A7-4B52-B3D4-2E7C3144CB20}.Release|Any CPU.Build.0 = Release|Any CPU
		{779B2E58-4D25-4D71-8691-568DDA5D1956}.Debug|Any CPU.ActiveCfg = Debug|Any CPU
		{779B2E58-4D25-4D71-8691-568DDA5D1956}.Debug|Any CPU.Build.0 = Debug|Any CPU
		{779B2E58-4D25-4D71-8691-568DDA5D1956}.Release|Any CPU.ActiveCfg = Release|Any CPU
		{779B2E58-4D25-4D71-8691-568DDA5D1956}.Release|Any CPU.Build.0 = Release|Any CPU
		{28F7954B-EE06-4A58-AF49-996F77598245}.Debug|Any CPU.ActiveCfg = Debug|Any CPU
		{28F7954B-EE06-4A58-AF49-996F77598245}.Debug|Any CPU.Build.0 = Debug|Any CPU
		{28F7954B-EE06-4A58-AF49-996F77598245}.Release|Any CPU.ActiveCfg = Release|Any CPU
		{28F7954B-EE06-4A58-AF49-996F77598245}.Release|Any CPU.Build.0 = Release|Any CPU
		{BB4A770E-C968-4AB7-9C7B-655FBC363A09}.Debug|Any CPU.ActiveCfg = Debug|Any CPU
		{BB4A770E-C968-4AB7-9C7B-655FBC363A09}.Debug|Any CPU.Build.0 = Debug|Any CPU
		{BB4A770E-C968-4AB7-9C7B-655FBC363A09}.Release|Any CPU.ActiveCfg = Release|Any CPU
		{BB4A770E-C968-4AB7-9C7B-655FBC363A09}.Release|Any CPU.Build.0 = Release|Any CPU
		{D6AD26F8-2053-4BBE-99E6-61F77E229960}.Debug|Any CPU.ActiveCfg = Debug|Any CPU
		{D6AD26F8-2053-4BBE-99E6-61F77E229960}.Debug|Any CPU.Build.0 = Debug|Any CPU
		{D6AD26F8-2053-4BBE-99E6-61F77E229960}.Release|Any CPU.ActiveCfg = Release|Any CPU
		{D6AD26F8-2053-4BBE-99E6-61F77E229960}.Release|Any CPU.Build.0 = Release|Any CPU
		{F97ECDDB-6B45-1FD6-F816-B9CC6040D2DB}.Debug|Any CPU.ActiveCfg = Debug|Any CPU
		{F97ECDDB-6B45-1FD6-F816-B9CC6040D2DB}.Debug|Any CPU.Build.0 = Debug|Any CPU
		{F97ECDDB-6B45-1FD6-F816-B9CC6040D2DB}.Release|Any CPU.ActiveCfg = Release|Any CPU
		{F97ECDDB-6B45-1FD6-F816-B9CC6040D2DB}.Release|Any CPU.Build.0 = Release|Any CPU
	EndGlobalSection
	GlobalSection(SolutionProperties) = preSolution
		HideSolutionNode = FALSE
	EndGlobalSection
	GlobalSection(NestedProjects) = preSolution
		{81EDD877-F7D7-4693-B1EC-F04FFE1DC58B} = {AA03FEFF-7BD9-4E95-AD45-5B7835F1F465}
		{151BECB8-A478-4154-A631-A7C9498C178A} = {AA03FEFF-7BD9-4E95-AD45-5B7835F1F465}
		{5AD64AF8-9D0E-4F27-8A39-CB39398906DA} = {86A815C9-0276-4BA4-9394-3F66A35D1735}
		{7B5ED034-F6FE-4603-BA54-8B0B14E94E77} = {5AD64AF8-9D0E-4F27-8A39-CB39398906DA}
		{ADD3E002-5B9C-45E7-AB71-991EBE1CFACE} = {7B5ED034-F6FE-4603-BA54-8B0B14E94E77}
		{B0C061C4-AFDB-4063-BF5B-D423FEB3C0CE} = {86A815C9-0276-4BA4-9394-3F66A35D1735}
		{DB2DEA23-B9B1-42DD-BCEA-BB07979AAAAA} = {B0C061C4-AFDB-4063-BF5B-D423FEB3C0CE}
		{5BDCEF39-1C75-42AE-A2DA-73C499CE431A} = {5AD64AF8-9D0E-4F27-8A39-CB39398906DA}
		{4963D35F-2067-452D-93A1-061A0A3A6317} = {AA03FEFF-7BD9-4E95-AD45-5B7835F1F465}
		{FD380150-2FC2-48E5-9673-42D0C122DFA8} = {D606E150-9282-4E8F-9CAC-9BDEF08F0A4B}
		{9E0F14A6-2141-431C-ADBD-6EBD59AC033D} = {43F8784B-CCE4-41F4-B7F1-5F49A791D920}
		{5651C1C8-4E45-43CD-A718-59FCB5A29FC8} = {D606E150-9282-4E8F-9CAC-9BDEF08F0A4B}
		{D606E150-9282-4E8F-9CAC-9BDEF08F0A4B} = {86A815C9-0276-4BA4-9394-3F66A35D1735}
		{03A2BFAC-6DF6-4217-8327-6BC22C4EADA4} = {D606E150-9282-4E8F-9CAC-9BDEF08F0A4B}
		{43F8784B-CCE4-41F4-B7F1-5F49A791D920} = {86A815C9-0276-4BA4-9394-3F66A35D1735}
		{D0B180A4-50A3-4CDF-82A3-EE685A66AADB} = {43F8784B-CCE4-41F4-B7F1-5F49A791D920}
		{698F49EA-8F50-4FB4-A145-77094F6E6A90} = {14240292-C096-4F56-9D1D-C35DA42C68DA}
		{797B4AAA-6F74-42AF-BB09-744E5438AC02} = {14240292-C096-4F56-9D1D-C35DA42C68DA}
		{5A004BB7-5214-406A-93F4-5C735471E0B8} = {14240292-C096-4F56-9D1D-C35DA42C68DA}
		{C3172CD9-CFD0-4D5F-99A8-96FB350DACE6} = {2EAB4B60-CDD9-42E1-9BE2-A8C31F04258A}
		{2EAB4B60-CDD9-42E1-9BE2-A8C31F04258A} = {86A815C9-0276-4BA4-9394-3F66A35D1735}
		{B7B348D5-8BC3-4BBA-A5D6-128432AA1EEB} = {2EAB4B60-CDD9-42E1-9BE2-A8C31F04258A}
		{A51AA789-DC36-4E78-894D-EEA055965E74} = {2EAB4B60-CDD9-42E1-9BE2-A8C31F04258A}
		{61EE9CD9-4EF6-46EB-BA3B-4648B9CA0621} = {86A815C9-0276-4BA4-9394-3F66A35D1735}
		{E7BD102E-43A7-4B52-B3D4-2E7C3144CB20} = {61EE9CD9-4EF6-46EB-BA3B-4648B9CA0621}
		{779B2E58-4D25-4D71-8691-568DDA5D1956} = {61EE9CD9-4EF6-46EB-BA3B-4648B9CA0621}
		{28F7954B-EE06-4A58-AF49-996F77598245} = {61EE9CD9-4EF6-46EB-BA3B-4648B9CA0621}
		{BB4A770E-C968-4AB7-9C7B-655FBC363A09} = {AA03FEFF-7BD9-4E95-AD45-5B7835F1F465}
		{D6AD26F8-2053-4BBE-99E6-61F77E229960} = {AA03FEFF-7BD9-4E95-AD45-5B7835F1F465}
		{F97ECDDB-6B45-1FD6-F816-B9CC6040D2DB} = {14240292-C096-4F56-9D1D-C35DA42C68DA}
	EndGlobalSection
	GlobalSection(ExtensibilityGlobals) = postSolution
		SolutionGuid = {5FC83A25-ED6F-4F75-BF38-62694D52CD98}
	EndGlobalSection
EndGlobal
